
Microsoft Visual Studio Solution File, Format Version 12.00
# Visual Studio 15
VisualStudioVersion = 15.0.26730.16
MinimumVisualStudioVersion = 10.0.40219.1
Project("{9A19103F-16F7-4668-BE54-9A1E7A4F7556}") = "SimpleMvc.Framework", "SimpleMvc.Framework\SimpleMvc.Framework.csproj", "{FBF32C55-8F2E-4AC4-A28A-84F831CC6E4C}"
EndProject
Project("{9A19103F-16F7-4668-BE54-9A1E7A4F7556}") = "WebServer", "WebServer\WebServer.csproj", "{B8E39BE0-167E-45B9-9B56-26C8EE63570A}"
EndProject
Project("{FAE04EC0-301F-11D3-BF4B-00C04F79EFBC}") = "SimpleMvc.App", "SimpleMvc.App\SimpleMvc.App.csproj", "{F19DFC18-9195-44BF-9687-F7D398C6C62C}"
EndProject
Project("{FAE04EC0-301F-11D3-BF4B-00C04F79EFBC}") = "SimpleMvc.Data", "SimpleMvc.Data\SimpleMvc.Data.csproj", "{53687DB5-A232-4CBC-99FB-6D4762C2237E}"
EndProject
Project("{FAE04EC0-301F-11D3-BF4B-00C04F79EFBC}") = "SimpleMvc.Domain", "SimpleMvc.Domain\SimpleMvc.Domain.csproj", "{08383704-923F-4D06-B063-D2781052AF0C}"
EndProject
Global
	GlobalSection(SolutionConfigurationPlatforms) = preSolution
		Debug|Any CPU = Debug|Any CPU
		Release|Any CPU = Release|Any CPU
	EndGlobalSection
	GlobalSection(ProjectConfigurationPlatforms) = postSolution
		{FBF32C55-8F2E-4AC4-A28A-84F831CC6E4C}.Debug|Any CPU.ActiveCfg = Debug|Any CPU
		{FBF32C55-8F2E-4AC4-A28A-84F831CC6E4C}.Debug|Any CPU.Build.0 = Debug|Any CPU
		{FBF32C55-8F2E-4AC4-A28A-84F831CC6E4C}.Release|Any CPU.ActiveCfg = Release|Any CPU
		{FBF32C55-8F2E-4AC4-A28A-84F831CC6E4C}.Release|Any CPU.Build.0 = Release|Any CPU
		{B8E39BE0-167E-45B9-9B56-26C8EE63570A}.Debug|Any CPU.ActiveCfg = Debug|Any CPU
		{B8E39BE0-167E-45B9-9B56-26C8EE63570A}.Debug|Any CPU.Build.0 = Debug|Any CPU
		{B8E39BE0-167E-45B9-9B56-26C8EE63570A}.Release|Any CPU.ActiveCfg = Release|Any CPU
		{B8E39BE0-167E-45B9-9B56-26C8EE63570A}.Release|Any CPU.Build.0 = Release|Any CPU
		{F19DFC18-9195-44BF-9687-F7D398C6C62C}.Debug|Any CPU.ActiveCfg = Debug|Any CPU
		{F19DFC18-9195-44BF-9687-F7D398C6C62C}.Debug|Any CPU.Build.0 = Debug|Any CPU
		{F19DFC18-9195-44BF-9687-F7D398C6C62C}.Release|Any CPU.ActiveCfg = Release|Any CPU
		{F19DFC18-9195-44BF-9687-F7D398C6C62C}.Release|Any CPU.Build.0 = Release|Any CPU
		{53687DB5-A232-4CBC-99FB-6D4762C2237E}.Debug|Any CPU.ActiveCfg = Debug|Any CPU
		{53687DB5-A232-4CBC-99FB-6D4762C2237E}.Debug|Any CPU.Build.0 = Debug|Any CPU
		{53687DB5-A232-4CBC-99FB-6D4762C2237E}.Release|Any CPU.ActiveCfg = Release|Any CPU
		{53687DB5-A232-4CBC-99FB-6D4762C2237E}.Release|Any CPU.Build.0 = Release|Any CPU
		{08383704-923F-4D06-B063-D2781052AF0C}.Debug|Any CPU.ActiveCfg = Debug|Any CPU
		{08383704-923F-4D06-B063-D2781052AF0C}.Debug|Any CPU.Build.0 = Debug|Any CPU
		{08383704-923F-4D06-B063-D2781052AF0C}.Release|Any CPU.ActiveCfg = Release|Any CPU
		{08383704-923F-4D06-B063-D2781052AF0C}.Release|Any CPU.Build.0 = Release|Any CPU
	EndGlobalSection
	GlobalSection(SolutionProperties) = preSolution
		HideSolutionNode = FALSE
	EndGlobalSection
	GlobalSection(ExtensibilityGlobals) = postSolution
		SolutionGuid = {3ABA898C-743A-4BCB-94FE-871C34896B4B}
	EndGlobalSection
EndGlobal
