
Microsoft Visual Studio Solution File, Format Version 12.00
# Visual Studio 15
VisualStudioVersion = 15.0.27004.2005
MinimumVisualStudioVersion = 10.0.40219.1
Project("{FAE04EC0-301F-11D3-BF4B-00C04F79EFBC}") = "CountSymbol", "CountSymbol\CountSymbol.csproj", "{EEAA321E-89F3-4CBB-9ABB-AB1186EB331D}"
EndProject
Project("{FAE04EC0-301F-11D3-BF4B-00C04F79EFBC}") = "Phonebook", "Phonebook\Phonebook.csproj", "{B7F7378E-6B3D-4F41-AB11-9A44D00E9D27}"
EndProject
Global
	GlobalSection(SolutionConfigurationPlatforms) = preSolution
		Debug|Any CPU = Debug|Any CPU
		Release|Any CPU = Release|Any CPU
	EndGlobalSection
	GlobalSection(ProjectConfigurationPlatforms) = postSolution
		{EEAA321E-89F3-4CBB-9ABB-AB1186EB331D}.Debug|Any CPU.ActiveCfg = Debug|Any CPU
		{EEAA321E-89F3-4CBB-9ABB-AB1186EB331D}.Debug|Any CPU.Build.0 = Debug|Any CPU
		{EEAA321E-89F3-4CBB-9ABB-AB1186EB331D}.Release|Any CPU.ActiveCfg = Release|Any CPU
		{EEAA321E-89F3-4CBB-9ABB-AB1186EB331D}.Release|Any CPU.Build.0 = Release|Any CPU
		{B7F7378E-6B3D-4F41-AB11-9A44D00E9D27}.Debug|Any CPU.ActiveCfg = Debug|Any CPU
		{B7F7378E-6B3D-4F41-AB11-9A44D00E9D27}.Debug|Any CPU.Build.0 = Debug|Any CPU
		{B7F7378E-6B3D-4F41-AB11-9A44D00E9D27}.Release|Any CPU.ActiveCfg = Release|Any CPU
		{B7F7378E-6B3D-4F41-AB11-9A44D00E9D27}.Release|Any CPU.Build.0 = Release|Any CPU
	EndGlobalSection
	GlobalSection(SolutionProperties) = preSolution
		HideSolutionNode = FALSE
	EndGlobalSection
	GlobalSection(ExtensibilityGlobals) = postSolution
		SolutionGuid = {CC252071-5AC3-4E22-AB1B-E61C77B9045F}
	EndGlobalSection
EndGlobal
