
Microsoft Visual Studio Solution File, Format Version 12.00
# Visual Studio 15
VisualStudioVersion = 15.0.26730.16
MinimumVisualStudioVersion = 10.0.40219.1
Project("{FAE04EC0-301F-11D3-BF4B-00C04F79EFBC}") = "Beer-Store", "Beer-Store\Beer-Store.csproj", "{35CD7D4E-AF8F-49C1-83D0-ADCC29A3813D}"
EndProject
Global
	GlobalSection(SolutionConfigurationPlatforms) = preSolution
		Debug|Any CPU = Debug|Any CPU
		Release|Any CPU = Release|Any CPU
	EndGlobalSection
	GlobalSection(ProjectConfigurationPlatforms) = postSolution
		{35CD7D4E-AF8F-49C1-83D0-ADCC29A3813D}.Debug|Any CPU.ActiveCfg = Debug|Any CPU
		{35CD7D4E-AF8F-49C1-83D0-ADCC29A3813D}.Debug|Any CPU.Build.0 = Debug|Any CPU
		{35CD7D4E-AF8F-49C1-83D0-ADCC29A3813D}.Release|Any CPU.ActiveCfg = Release|Any CPU
		{35CD7D4E-AF8F-49C1-83D0-ADCC29A3813D}.Release|Any CPU.Build.0 = Release|Any CPU
	EndGlobalSection
	GlobalSection(SolutionProperties) = preSolution
		HideSolutionNode = FALSE
	EndGlobalSection
	GlobalSection(ExtensibilityGlobals) = postSolution
		SolutionGuid = {6977A40B-4B87-4603-A2AE-51E566DE956D}
	EndGlobalSection
EndGlobal
