
Microsoft Visual Studio Solution File, Format Version 12.00
# Visual Studio 14
VisualStudioVersion = 14.0.25123.0
MinimumVisualStudioVersion = 10.0.40219.1
Project("{FAE04EC0-301F-11D3-BF4B-00C04F79EFBC}") = "01. Sort Even Numbers", "01. Sort Even Numbers\01. Sort Even Numbers.csproj", "{A1937B28-86E4-4B06-801E-4AC5A73DCC0A}"
EndProject
Project("{FAE04EC0-301F-11D3-BF4B-00C04F79EFBC}") = "02. Sum Numbers", "02. Sum Numbers\02. Sum Numbers.csproj", "{E7951E6E-CB0F-44BF-82A3-7E1E750ECB0C}"
EndProject
Project("{FAE04EC0-301F-11D3-BF4B-00C04F79EFBC}") = "03. Count Uppercase Words", "03. Count Uppercase Words\03. Count Uppercase Words.csproj", "{5F2A73B5-FE5A-4F54-86E6-F20F2D8C83FB}"
EndProject
Project("{FAE04EC0-301F-11D3-BF4B-00C04F79EFBC}") = "04. Add VAT", "04. Add VAT\04. Add VAT.csproj", "{8B2B9D6D-331E-4F71-BBBF-5509B8228877}"
EndProject
Project("{FAE04EC0-301F-11D3-BF4B-00C04F79EFBC}") = "05. Filter By Age", "05. Filter By Age\05. Filter By Age.csproj", "{DA8364A8-0611-4EE9-86D1-D6AEFD68362F}"
EndProject
Global
	GlobalSection(SolutionConfigurationPlatforms) = preSolution
		Debug|Any CPU = Debug|Any CPU
		Release|Any CPU = Release|Any CPU
	EndGlobalSection
	GlobalSection(ProjectConfigurationPlatforms) = postSolution
		{A1937B28-86E4-4B06-801E-4AC5A73DCC0A}.Debug|Any CPU.ActiveCfg = Debug|Any CPU
		{A1937B28-86E4-4B06-801E-4AC5A73DCC0A}.Debug|Any CPU.Build.0 = Debug|Any CPU
		{A1937B28-86E4-4B06-801E-4AC5A73DCC0A}.Release|Any CPU.ActiveCfg = Release|Any CPU
		{A1937B28-86E4-4B06-801E-4AC5A73DCC0A}.Release|Any CPU.Build.0 = Release|Any CPU
		{E7951E6E-CB0F-44BF-82A3-7E1E750ECB0C}.Debug|Any CPU.ActiveCfg = Debug|Any CPU
		{E7951E6E-CB0F-44BF-82A3-7E1E750ECB0C}.Debug|Any CPU.Build.0 = Debug|Any CPU
		{E7951E6E-CB0F-44BF-82A3-7E1E750ECB0C}.Release|Any CPU.ActiveCfg = Release|Any CPU
		{E7951E6E-CB0F-44BF-82A3-7E1E750ECB0C}.Release|Any CPU.Build.0 = Release|Any CPU
		{5F2A73B5-FE5A-4F54-86E6-F20F2D8C83FB}.Debug|Any CPU.ActiveCfg = Debug|Any CPU
		{5F2A73B5-FE5A-4F54-86E6-F20F2D8C83FB}.Debug|Any CPU.Build.0 = Debug|Any CPU
		{5F2A73B5-FE5A-4F54-86E6-F20F2D8C83FB}.Release|Any CPU.ActiveCfg = Release|Any CPU
		{5F2A73B5-FE5A-4F54-86E6-F20F2D8C83FB}.Release|Any CPU.Build.0 = Release|Any CPU
		{8B2B9D6D-331E-4F71-BBBF-5509B8228877}.Debug|Any CPU.ActiveCfg = Debug|Any CPU
		{8B2B9D6D-331E-4F71-BBBF-5509B8228877}.Debug|Any CPU.Build.0 = Debug|Any CPU
		{8B2B9D6D-331E-4F71-BBBF-5509B8228877}.Release|Any CPU.ActiveCfg = Release|Any CPU
		{8B2B9D6D-331E-4F71-BBBF-5509B8228877}.Release|Any CPU.Build.0 = Release|Any CPU
		{DA8364A8-0611-4EE9-86D1-D6AEFD68362F}.Debug|Any CPU.ActiveCfg = Debug|Any CPU
		{DA8364A8-0611-4EE9-86D1-D6AEFD68362F}.Debug|Any CPU.Build.0 = Debug|Any CPU
		{DA8364A8-0611-4EE9-86D1-D6AEFD68362F}.Release|Any CPU.ActiveCfg = Release|Any CPU
		{DA8364A8-0611-4EE9-86D1-D6AEFD68362F}.Release|Any CPU.Build.0 = Release|Any CPU
	EndGlobalSection
	GlobalSection(SolutionProperties) = preSolution
		HideSolutionNode = FALSE
	EndGlobalSection
EndGlobal
