
Microsoft Visual Studio Solution File, Format Version 12.00
# Visual Studio 15
VisualStudioVersion = 15.0.27004.2005
MinimumVisualStudioVersion = 10.0.40219.1
Project("{FAE04EC0-301F-11D3-BF4B-00C04F79EFBC}") = "01.ReverseNumbers", "01.ReverseNumbers\01.ReverseNumbers.csproj", "{56C6EECF-4750-4F8F-86D6-41A5C4015BDB}"
EndProject
Project("{FAE04EC0-301F-11D3-BF4B-00C04F79EFBC}") = "02.CalculateSequence", "02.CalculateSequence\02.CalculateSequence.csproj", "{FBF644A3-30F5-414A-A78C-BAC10CD1AE4C}"
EndProject
Project("{FAE04EC0-301F-11D3-BF4B-00C04F79EFBC}") = "03.ArrayStack", "03.ArrayStack\03.ArrayStack.csproj", "{A914347B-0126-411B-A8B1-9FB40CDAB84C}"
EndProject
Project("{FAE04EC0-301F-11D3-BF4B-00C04F79EFBC}") = "04.LinkedStack", "04.LinkedStack\04.LinkedStack.csproj", "{7E113C11-3947-40DD-AB1C-B63012BAC880}"
EndProject
Project("{FAE04EC0-301F-11D3-BF4B-00C04F79EFBC}") = "05.LinkedQueue", "05.LinkedQueue\05.LinkedQueue.csproj", "{8367E783-2035-4A44-983D-B2F322ECECB1}"
EndProject
Global
	GlobalSection(SolutionConfigurationPlatforms) = preSolution
		Debug|Any CPU = Debug|Any CPU
		Release|Any CPU = Release|Any CPU
	EndGlobalSection
	GlobalSection(ProjectConfigurationPlatforms) = postSolution
		{56C6EECF-4750-4F8F-86D6-41A5C4015BDB}.Debug|Any CPU.ActiveCfg = Debug|Any CPU
		{56C6EECF-4750-4F8F-86D6-41A5C4015BDB}.Debug|Any CPU.Build.0 = Debug|Any CPU
		{56C6EECF-4750-4F8F-86D6-41A5C4015BDB}.Release|Any CPU.ActiveCfg = Release|Any CPU
		{56C6EECF-4750-4F8F-86D6-41A5C4015BDB}.Release|Any CPU.Build.0 = Release|Any CPU
		{FBF644A3-30F5-414A-A78C-BAC10CD1AE4C}.Debug|Any CPU.ActiveCfg = Debug|Any CPU
		{FBF644A3-30F5-414A-A78C-BAC10CD1AE4C}.Debug|Any CPU.Build.0 = Debug|Any CPU
		{FBF644A3-30F5-414A-A78C-BAC10CD1AE4C}.Release|Any CPU.ActiveCfg = Release|Any CPU
		{FBF644A3-30F5-414A-A78C-BAC10CD1AE4C}.Release|Any CPU.Build.0 = Release|Any CPU
		{A914347B-0126-411B-A8B1-9FB40CDAB84C}.Debug|Any CPU.ActiveCfg = Debug|Any CPU
		{A914347B-0126-411B-A8B1-9FB40CDAB84C}.Debug|Any CPU.Build.0 = Debug|Any CPU
		{A914347B-0126-411B-A8B1-9FB40CDAB84C}.Release|Any CPU.ActiveCfg = Release|Any CPU
		{A914347B-0126-411B-A8B1-9FB40CDAB84C}.Release|Any CPU.Build.0 = Release|Any CPU
		{7E113C11-3947-40DD-AB1C-B63012BAC880}.Debug|Any CPU.ActiveCfg = Debug|Any CPU
		{7E113C11-3947-40DD-AB1C-B63012BAC880}.Debug|Any CPU.Build.0 = Debug|Any CPU
		{7E113C11-3947-40DD-AB1C-B63012BAC880}.Release|Any CPU.ActiveCfg = Release|Any CPU
		{7E113C11-3947-40DD-AB1C-B63012BAC880}.Release|Any CPU.Build.0 = Release|Any CPU
		{8367E783-2035-4A44-983D-B2F322ECECB1}.Debug|Any CPU.ActiveCfg = Debug|Any CPU
		{8367E783-2035-4A44-983D-B2F322ECECB1}.Debug|Any CPU.Build.0 = Debug|Any CPU
		{8367E783-2035-4A44-983D-B2F322ECECB1}.Release|Any CPU.ActiveCfg = Release|Any CPU
		{8367E783-2035-4A44-983D-B2F322ECECB1}.Release|Any CPU.Build.0 = Release|Any CPU
	EndGlobalSection
	GlobalSection(SolutionProperties) = preSolution
		HideSolutionNode = FALSE
	EndGlobalSection
	GlobalSection(ExtensibilityGlobals) = postSolution
		SolutionGuid = {BE16294D-EB9D-40F1-9545-5B93BFDF433F}
	EndGlobalSection
EndGlobal
