
Microsoft Visual Studio Solution File, Format Version 12.00
# Visual Studio 14
VisualStudioVersion = 14.0.25123.0
MinimumVisualStudioVersion = 10.0.40219.1
Project("{FAE04EC0-301F-11D3-BF4B-00C04F79EFBC}") = "01. Stealer", "01. Stealer\01. Stealer.csproj", "{9B846C50-FB90-453C-9EE5-981F6EF80430}"
EndProject
Global
	GlobalSection(SolutionConfigurationPlatforms) = preSolution
		Debug|Any CPU = Debug|Any CPU
		Release|Any CPU = Release|Any CPU
	EndGlobalSection
	GlobalSection(ProjectConfigurationPlatforms) = postSolution
		{9B846C50-FB90-453C-9EE5-981F6EF80430}.Debug|Any CPU.ActiveCfg = Debug|Any CPU
		{9B846C50-FB90-453C-9EE5-981F6EF80430}.Debug|Any CPU.Build.0 = Debug|Any CPU
		{9B846C50-FB90-453C-9EE5-981F6EF80430}.Release|Any CPU.ActiveCfg = Release|Any CPU
		{9B846C50-FB90-453C-9EE5-981F6EF80430}.Release|Any CPU.Build.0 = Release|Any CPU
	EndGlobalSection
	GlobalSection(SolutionProperties) = preSolution
		HideSolutionNode = FALSE
	EndGlobalSection
EndGlobal
